
Microsoft Visual Studio Solution File, Format Version 12.00
# Visual Studio Version 17
VisualStudioVersion = 17.8.34525.116
MinimumVisualStudioVersion = 10.0.40219.1
Project("{FAE04EC0-301F-11D3-BF4B-00C04F79EFBC}") = "SocialMediaHub", "SocialMediaHub\SocialMediaHub.csproj", "{5623D0BD-4C8A-444C-85B4-C0DA8A71C6E2}"
EndProject
Project("{FAE04EC0-301F-11D3-BF4B-00C04F79EFBC}") = "SocialMediaHubTests", "SocialMediaHubTests\SocialMediaHubTests.csproj", "{B796DF2A-B647-4578-BA1D-82BBB5117C6C}"
EndProject
Global
	GlobalSection(SolutionConfigurationPlatforms) = preSolution
		Debug|Any CPU = Debug|Any CPU
		Release|Any CPU = Release|Any CPU
	EndGlobalSection
	GlobalSection(ProjectConfigurationPlatforms) = postSolution
		{5623D0BD-4C8A-444C-85B4-C0DA8A71C6E2}.Debug|Any CPU.ActiveCfg = Debug|Any CPU
		{5623D0BD-4C8A-444C-85B4-C0DA8A71C6E2}.Debug|Any CPU.Build.0 = Debug|Any CPU
		{5623D0BD-4C8A-444C-85B4-C0DA8A71C6E2}.Release|Any CPU.ActiveCfg = Release|Any CPU
		{5623D0BD-4C8A-444C-85B4-C0DA8A71C6E2}.Release|Any CPU.Build.0 = Release|Any CPU
		{B796DF2A-B647-4578-BA1D-82BBB5117C6C}.Debug|Any CPU.ActiveCfg = Debug|Any CPU
		{B796DF2A-B647-4578-BA1D-82BBB5117C6C}.Debug|Any CPU.Build.0 = Debug|Any CPU
		{B796DF2A-B647-4578-BA1D-82BBB5117C6C}.Release|Any CPU.ActiveCfg = Release|Any CPU
		{B796DF2A-B647-4578-BA1D-82BBB5117C6C}.Release|Any CPU.Build.0 = Release|Any CPU
	EndGlobalSection
	GlobalSection(SolutionProperties) = preSolution
		HideSolutionNode = FALSE
	EndGlobalSection
	GlobalSection(ExtensibilityGlobals) = postSolution
		SolutionGuid = {A8128755-4DC5-49D8-8003-AEBA1B6A9B24}
	EndGlobalSection
EndGlobal
